
Microsoft Visual Studio Solution File, Format Version 12.00
# Visual Studio 14
VisualStudioVersion = 14.0.24720.0
MinimumVisualStudioVersion = 10.0.40219.1
Project("{FAE04EC0-301F-11D3-BF4B-00C04F79EFBC}") = "LibreriaCeibaWebAppB43478", "LibreriaCeibaWebAppB43478\LibreriaCeibaWebAppB43478.csproj", "{3F16E34D-3C1D-435B-9C43-3815161DAF9E}"
EndProject
Project("{FAE04EC0-301F-11D3-BF4B-00C04F79EFBC}") = "LibreriaCeibaB43478", "LibreriaCeibaB43478\LibreriaCeibaB43478.csproj", "{5F6B3AFD-561B-4A1F-8876-1BAD71866651}"
EndProject
Global
	GlobalSection(SolutionConfigurationPlatforms) = preSolution
		Debug|Any CPU = Debug|Any CPU
		Release|Any CPU = Release|Any CPU
	EndGlobalSection
	GlobalSection(ProjectConfigurationPlatforms) = postSolution
		{3F16E34D-3C1D-435B-9C43-3815161DAF9E}.Debug|Any CPU.ActiveCfg = Debug|Any CPU
		{3F16E34D-3C1D-435B-9C43-3815161DAF9E}.Debug|Any CPU.Build.0 = Debug|Any CPU
		{3F16E34D-3C1D-435B-9C43-3815161DAF9E}.Release|Any CPU.ActiveCfg = Release|Any CPU
		{3F16E34D-3C1D-435B-9C43-3815161DAF9E}.Release|Any CPU.Build.0 = Release|Any CPU
		{5F6B3AFD-561B-4A1F-8876-1BAD71866651}.Debug|Any CPU.ActiveCfg = Debug|Any CPU
		{5F6B3AFD-561B-4A1F-8876-1BAD71866651}.Debug|Any CPU.Build.0 = Debug|Any CPU
		{5F6B3AFD-561B-4A1F-8876-1BAD71866651}.Release|Any CPU.ActiveCfg = Release|Any CPU
		{5F6B3AFD-561B-4A1F-8876-1BAD71866651}.Release|Any CPU.Build.0 = Release|Any CPU
	EndGlobalSection
	GlobalSection(SolutionProperties) = preSolution
		HideSolutionNode = FALSE
	EndGlobalSection
EndGlobal
